
Microsoft Visual Studio Solution File, Format Version 12.00
# Visual Studio 15
VisualStudioVersion = 15.0.28307.168
MinimumVisualStudioVersion = 10.0.40219.1
Project("{8BC9CEB8-8B4A-11D0-8D11-00A0C91BC942}") = "剑指offer牛课", "剑指offer牛课\剑指offer牛课.vcxproj", "{A042739A-F54B-4CE6-9FC7-CDB94AB3FB31}"
EndProject
Project("{8BC9CEB8-8B4A-11D0-8D11-00A0C91BC942}") = "23从上往下打印二叉树", "32从上往下打印二叉树\32从上往下打印二叉树.vcxproj", "{B448AED9-BE7D-4B96-A938-697E73C28331}"
EndProject
Project("{8BC9CEB8-8B4A-11D0-8D11-00A0C91BC942}") = "22判断某序列是否为某入栈序列的弹出序列", "31判断某序列是否为某入栈序列的弹出序列\31判断某序列是否为某入栈序列的弹出序列.vcxproj", "{E3E88AF9-3C3A-4ED4-8E63-1EF9616B8FD8}"
EndProject
Project("{8BC9CEB8-8B4A-11D0-8D11-00A0C91BC942}") = "01二维数组的查找", "1.二维数组的查找\1.二维数组的查找.vcxproj", "{1F1A99AD-679F-4360-ACAC-62452B2C63C3}"
EndProject
Project("{8BC9CEB8-8B4A-11D0-8D11-00A0C91BC942}") = "02填补替换字符串中的空格", "2填补替换字符串中的空格\2填补替换字符串中的空格.vcxproj", "{544A9318-BD2C-47EC-BF9C-81E5F275615B}"
EndProject
Project("{8BC9CEB8-8B4A-11D0-8D11-00A0C91BC942}") = "03从尾到头打印链表", "3从尾到头打印链表\3从尾到头打印链表.vcxproj", "{42853DA4-E225-4208-B44C-CF6ABE8BE440}"
EndProject
Project("{8BC9CEB8-8B4A-11D0-8D11-00A0C91BC942}") = "15链表倒数第k个结点", "22链表倒数第k个结点\22链表倒数第k个结点.vcxproj", "{DC7B2BFC-95A4-4746-9BC8-98E436479BA8}"
EndProject
Project("{8BC9CEB8-8B4A-11D0-8D11-00A0C91BC942}") = "16反转链表", "16反转链表\16反转链表.vcxproj", "{03603277-FD71-4F0D-8C61-C75CF9CB7248}"
EndProject
Project("{8BC9CEB8-8B4A-11D0-8D11-00A0C91BC942}") = "18树的子结构", "18树的子结构\18树的子结构.vcxproj", "{879F4A5F-D233-4CD5-AE36-4FA7CF32ABCE}"
EndProject
Project("{8BC9CEB8-8B4A-11D0-8D11-00A0C91BC942}") = "17合并排序后的链表", "17合并排序后的链表\17合并排序后的链表.vcxproj", "{F5EF8475-FA36-4CF6-AC1D-D1625286C838}"
EndProject
Project("{8BC9CEB8-8B4A-11D0-8D11-00A0C91BC942}") = "19镜像二叉树", "19镜像二叉树\19镜像二叉树.vcxproj", "{E72AAC75-CE0D-4086-9E50-024565E1AB17}"
EndProject
Project("{8BC9CEB8-8B4A-11D0-8D11-00A0C91BC942}") = "20.顺时针打印数组", "20顺时针打印数组\20顺时针打印数组.vcxproj", "{43779A8C-C864-4262-8C1A-89E91E400359}"
EndProject
Project("{8BC9CEB8-8B4A-11D0-8D11-00A0C91BC942}") = "21包含min函数的栈", "21包含min函数的栈\21包含min函数的栈.vcxproj", "{AC07DE82-2944-40D6-9369-95B3E651CD48}"
EndProject
Project("{8BC9CEB8-8B4A-11D0-8D11-00A0C91BC942}") = "24二叉搜索树的后序遍历序列", "24二叉搜索树的后序遍历序列\24二叉搜索树的后序遍历序列.vcxproj", "{F9A36533-A9C9-45D9-8F97-54B4C14F6EFF}"
EndProject
Project("{8BC9CEB8-8B4A-11D0-8D11-00A0C91BC942}") = "25二叉树中和为某一值的路径", "25二叉树中和为某一值的路径\25二叉树中和为某一值的路径.vcxproj", "{D2003C5C-89EC-40BB-98FF-1AC63C60E53A}"
EndProject
Project("{8BC9CEB8-8B4A-11D0-8D11-00A0C91BC942}") = "27二叉搜索树与双向链表", "27二叉搜索树与双向链表\27二叉搜索树与双向链表.vcxproj", "{67EFBC17-03D2-4256-9338-C4B644271CA1}"
EndProject
Project("{8BC9CEB8-8B4A-11D0-8D11-00A0C91BC942}") = "28字符串的排列", "28字符串的排列\28字符串的排列.vcxproj", "{F1B137C7-1564-4478-873F-38B92D294EF1}"
EndProject
Project("{8BC9CEB8-8B4A-11D0-8D11-00A0C91BC942}") = "29数组中超过一半的数字", "29数组中超过一半的数字\29数组中超过一半的数字.vcxproj", "{EC98262A-C1DD-4CA0-BE1F-9036B1374FAB}"
EndProject
Project("{8BC9CEB8-8B4A-11D0-8D11-00A0C91BC942}") = "30.最小的K个数", "30.最小的K个数\30.最小的K个数.vcxproj", "{48AF3C4C-72BA-4FAD-8EEA-3E389901E1AD}"
EndProject
Project("{8BC9CEB8-8B4A-11D0-8D11-00A0C91BC942}") = "31最大子向量", "31最大子向量\31最大子向量.vcxproj", "{D8B2DDE1-C5D7-462C-874C-827472BA3A67}"
EndProject
Project("{8BC9CEB8-8B4A-11D0-8D11-00A0C91BC942}") = "字节跳动18校招第二批", "字节跳动18校招第二批\字节跳动18校招第二批.vcxproj", "{CE33F256-5949-4F17-8534-2B9346C9302D}"
EndProject
Project("{8BC9CEB8-8B4A-11D0-8D11-00A0C91BC942}") = "33把数组排成最小的数", "33把数组排成最小的数\33把数组排成最小的数.vcxproj", "{08CF46C5-32BB-400C-BACE-B58A3FCF161A}"
EndProject
Project("{8BC9CEB8-8B4A-11D0-8D11-00A0C91BC942}") = "34丑数", "34丑数\34丑数.vcxproj", "{D436B697-AF7B-4BEC-98BC-499C4D916C3A}"
EndProject
Project("{8BC9CEB8-8B4A-11D0-8D11-00A0C91BC942}") = "35字符串中第一个出现一次的字符", "35字符串中第一个出现一次的字符\35字符串中第一个出现一次的字符.vcxproj", "{14D39419-99EE-48A6-AE72-8CBDADF4A784}"
EndProject
Project("{8BC9CEB8-8B4A-11D0-8D11-00A0C91BC942}") = "常用排序算法", "常用排序算法\常用排序算法.vcxproj", "{F6A094CA-03F5-4FF2-8095-01515ECA0AF1}"
EndProject
Project("{8BC9CEB8-8B4A-11D0-8D11-00A0C91BC942}") = "36数组中的逆序对的数目", "36数组中的逆序对的数目\36数组中的逆序对的数目.vcxproj", "{C5333751-7BBC-45B3-AA7B-1AEF5D5F9EBE}"
EndProject
Project("{8BC9CEB8-8B4A-11D0-8D11-00A0C91BC942}") = "37链表的公共结点", "37链表的公共结点\37链表的公共结点.vcxproj", "{F37B3E86-36DB-4F34-A351-E2056D8E75F7}"
EndProject
Project("{8BC9CEB8-8B4A-11D0-8D11-00A0C91BC942}") = "38数字在排序数组中出现的次数", "38数字在排序数组中出现的次数\38数字在排序数组中出现的次数.vcxproj", "{B476E1C6-4127-465E-8516-BD844223B553}"
EndProject
Project("{8BC9CEB8-8B4A-11D0-8D11-00A0C91BC942}") = "39二叉树的深度", "39二叉树的深度\39二叉树的深度.vcxproj", "{2D41387D-413C-48F9-AEAB-738A4A639892}"
EndProject
Project("{8BC9CEB8-8B4A-11D0-8D11-00A0C91BC942}") = "40数组中出现一次的数字", "40数组中出现一次的数字\40数组中出现一次的数字.vcxproj", "{131E0980-8E57-443F-BB36-D1CE73CD42F1}"
EndProject
Project("{8BC9CEB8-8B4A-11D0-8D11-00A0C91BC942}") = "41和为s的连续正数序列", "41和为s的连续正数序列\41和为s的连续正数序列.vcxproj", "{29590F54-7AFD-4659-BD23-11577FEF4C43}"
EndProject
Project("{8BC9CEB8-8B4A-11D0-8D11-00A0C91BC942}") = "42左旋字符串和翻转单词顺序", "42左旋字符串和翻转单词顺序\42左旋字符串和翻转单词顺序.vcxproj", "{51FB7ECA-3992-48E1-A0E4-380C3C8100E1}"
EndProject
Project("{8BC9CEB8-8B4A-11D0-8D11-00A0C91BC942}") = "43筛子点数的概率", "43筛子点数的概率\43筛子点数的概率.vcxproj", "{84743027-E5EF-40AD-94FF-746D5070D452}"
EndProject
Project("{8BC9CEB8-8B4A-11D0-8D11-00A0C91BC942}") = "44扑克牌中的顺子", "44扑克牌中的顺子\44扑克牌中的顺子.vcxproj", "{1A3E9C0D-B6C3-44B7-BFF9-7947D3CAD997}"
EndProject
Project("{8BC9CEB8-8B4A-11D0-8D11-00A0C91BC942}") = "45圆圈中剩下的最后的数字", "45圆圈中剩下的最后的数字\45圆圈中剩下的最后的数字.vcxproj", "{BDF865FD-67E1-408D-B2AA-05400824AC3B}"
EndProject
Project("{8BC9CEB8-8B4A-11D0-8D11-00A0C91BC942}") = "46求1到n的和", "46求1到n的和\46求1到n的和.vcxproj", "{73F06F9C-44EE-43B9-B95D-033EFCA1FF32}"
EndProject
Project("{8BC9CEB8-8B4A-11D0-8D11-00A0C91BC942}") = "47不用四则运算计算加法", "47不用四则运算计算加法\47不用四则运算计算加法.vcxproj", "{C3F81596-C74E-4A5C-9641-BA71D8B27909}"
EndProject
Project("{8BC9CEB8-8B4A-11D0-8D11-00A0C91BC942}") = "49将字符串转换为整数", "49将字符串转换为整数\49将字符串转换为整数.vcxproj", "{0006F663-4ED2-4CF4-8939-FB4B7945FE4D}"
EndProject
Project("{8BC9CEB8-8B4A-11D0-8D11-00A0C91BC942}") = "50树中两个结点的最低公共祖先", "树中两个结点的最低公共祖先\树中两个结点的最低公共祖先.vcxproj", "{555583E0-CC67-4C32-A264-204C08BD1706}"
EndProject
Project("{8BC9CEB8-8B4A-11D0-8D11-00A0C91BC942}") = "51数组中重复的数字", "51数组中重复的数字\51数组中重复的数字.vcxproj", "{1AFB82A2-0AC7-423C-8E2B-1966B5F95268}"
EndProject
Project("{8BC9CEB8-8B4A-11D0-8D11-00A0C91BC942}") = "52构建乘积数组", "52构建乘积数组\52构建乘积数组.vcxproj", "{F4588EA2-FA66-44D5-BE1E-5662358FA651}"
EndProject
Project("{8BC9CEB8-8B4A-11D0-8D11-00A0C91BC942}") = "53正则表达式匹配", "53正则表达式匹配\53正则表达式匹配.vcxproj", "{EA4D05D5-7476-413E-9896-37B31E2894AF}"
EndProject
Project("{8BC9CEB8-8B4A-11D0-8D11-00A0C91BC942}") = "54表示数值的字符串", "54表示数值的字符串\54表示数值的字符串.vcxproj", "{DB6F4753-FB63-469D-8027-BD7C7BEB5006}"
EndProject
Project("{8BC9CEB8-8B4A-11D0-8D11-00A0C91BC942}") = "55字符流中第一个不重复的数字", "55字符流中第一个不重复的数字\55字符流中第一个不重复的数字.vcxproj", "{D01F0396-89E2-4CC5-8C50-30A6B0655788}"
EndProject
Project("{8BC9CEB8-8B4A-11D0-8D11-00A0C91BC942}") = "56链表中环的入口", "56链表中环的入口\56链表中环的入口.vcxproj", "{57828466-7AE7-4390-87C3-7DC982E33DE7}"
EndProject
Project("{8BC9CEB8-8B4A-11D0-8D11-00A0C91BC942}") = "57删除链表中重复的结点", "57删除链表中重复的结点\57删除链表中重复的结点.vcxproj", "{DE220B1E-57CE-47E9-895C-025EC5ACE6DA}"
EndProject
Project("{8BC9CEB8-8B4A-11D0-8D11-00A0C91BC942}") = "58二叉树的下一个结点", "58二叉树的下一个结点\58二叉树的下一个结点.vcxproj", "{ECE7FDCF-1FE9-4ED2-84CA-BBED578B2A9F}"
EndProject
Project("{8BC9CEB8-8B4A-11D0-8D11-00A0C91BC942}") = "59对称二叉树", "59对称二叉树\59对称二叉树.vcxproj", "{788DFBA2-C374-4805-8828-2FA16FAF72A2}"
EndProject
Project("{8BC9CEB8-8B4A-11D0-8D11-00A0C91BC942}") = "60把二叉树打印成多行", "60把二叉树打印成多行\60把二叉树打印成多行.vcxproj", "{41D6C703-B53A-4546-9D84-4BE8938734EE}"
EndProject
Project("{8BC9CEB8-8B4A-11D0-8D11-00A0C91BC942}") = "字节跳动77", "字节跳动77\字节跳动77.vcxproj", "{8E16A54D-E253-44B7-9F84-FD7DCA46236B}"
EndProject
Project("{8BC9CEB8-8B4A-11D0-8D11-00A0C91BC942}") = "61按之字形顺序打印二叉树", "61按之字形顺序打印二叉树\61按之字形顺序打印二叉树.vcxproj", "{D15CE622-A234-40F1-A343-CB31FFF40FAF}"
EndProject
Project("{8BC9CEB8-8B4A-11D0-8D11-00A0C91BC942}") = "62序列化和反序列化二叉树", "61序列化和反序列化二叉树\61序列化和反序列化二叉树.vcxproj", "{411C274B-AE9A-4F07-9320-F1E8C913BECA}"
EndProject
Project("{8BC9CEB8-8B4A-11D0-8D11-00A0C91BC942}") = "63搜索二叉树的第k个结点", "63搜索二叉树的第k个结点\63搜索二叉树的第k个结点.vcxproj", "{41F97EDB-D785-4E7D-A917-41A64D9DF09A}"
EndProject
Project("{8BC9CEB8-8B4A-11D0-8D11-00A0C91BC942}") = "64数据流中的中位数", "64数据流中的中位数\64数据流中的中位数.vcxproj", "{F4B8BE0F-56C7-4345-8977-EA088AEA0ECE}"
EndProject
Project("{8BC9CEB8-8B4A-11D0-8D11-00A0C91BC942}") = "65滑动窗口的最大值", "65滑动窗口的最大值\65滑动窗口的最大值.vcxproj", "{DB0AE127-9A29-49C8-A86E-4D7E8BE95A70}"
EndProject
Project("{8BC9CEB8-8B4A-11D0-8D11-00A0C91BC942}") = "66矩阵中的路径", "65矩阵中的路径\65矩阵中的路径.vcxproj", "{0AD3C343-59FC-4978-96A6-B4A4D1D3C9AC}"
EndProject
Project("{8BC9CEB8-8B4A-11D0-8D11-00A0C91BC942}") = "67机器人的运动范围", "67机器人的运动范围\67机器人的运动范围.vcxproj", "{5BB2C2B4-744E-4B13-94D7-F6579D999006}"
EndProject
Project("{8BC9CEB8-8B4A-11D0-8D11-00A0C91BC942}") = "26复制链表的复制", "26复制链表的复制\26复制链表的复制.vcxproj", "{C913A1CA-207F-4BC3-BCDC-E495C1D9FEE9}"
EndProject
Project("{8BC9CEB8-8B4A-11D0-8D11-00A0C91BC942}") = "04重建二叉树", "04重建二叉树\04重建二叉树.vcxproj", "{F82D16BB-CB47-4153-83C5-FD63A971E430}"
EndProject
Project("{8BC9CEB8-8B4A-11D0-8D11-00A0C91BC942}") = "05用两个栈来实现一个队列", "05用两个栈来实现一个队列\05用两个栈来实现一个队列.vcxproj", "{518B1D9A-0B51-4260-B63C-03E9C14627D2}"
EndProject
Project("{8BC9CEB8-8B4A-11D0-8D11-00A0C91BC942}") = "06旋转数组中最小的数字", "06旋转数组中最小的数字\06旋转数组中最小的数字.vcxproj", "{A059D9F2-69C6-4233-ACFF-7382911EB416}"
EndProject
Project("{8BC9CEB8-8B4A-11D0-8D11-00A0C91BC942}") = "07斐波那契数列的第n项", "07斐波那契数列的第n项\07斐波那契数列的第n项.vcxproj", "{176BD1B1-05B5-4880-8992-0DAAF9C5F399}"
EndProject
Project("{8BC9CEB8-8B4A-11D0-8D11-00A0C91BC942}") = "08青蛙跳台", "08青蛙跳台\08青蛙跳台.vcxproj", "{A3225438-8A67-4802-BF8C-13075979DC80}"
EndProject
Project("{8BC9CEB8-8B4A-11D0-8D11-00A0C91BC942}") = "09矩形覆盖", "09矩形覆盖\09矩形覆盖.vcxproj", "{A30C9342-3506-4CE7-AACA-DC03949209C3}"
EndProject
Project("{8BC9CEB8-8B4A-11D0-8D11-00A0C91BC942}") = "10二进制中的1的个数", "10二进制中的1的个数\10二进制中的1的个数.vcxproj", "{57BD0B10-2807-4068-9538-948C954D829C}"
EndProject
Project("{8BC9CEB8-8B4A-11D0-8D11-00A0C91BC942}") = "11整数的n次方", "11整数的n次方\11整数的n次方.vcxproj", "{55FDD5E1-0380-4407-A030-3F3F95C79ABD}"
EndProject
Project("{8BC9CEB8-8B4A-11D0-8D11-00A0C91BC942}") = "12调整数组使得奇数位于偶数的前方", "12调整数组使得奇数位于偶数的前方\12调整数组使得奇数位于偶数的前方.vcxproj", "{46F55F05-9A4D-4A46-A11D-EEA4F818B4E4}"
EndProject
Project("{8BC9CEB8-8B4A-11D0-8D11-00A0C91BC942}") = "13输出链表中国倒数第k个结点", "13\13.vcxproj", "{2646E124-CC3A-4535-974D-697D999F6255}"
EndProject
Project("{8BC9CEB8-8B4A-11D0-8D11-00A0C91BC942}") = "14合并两个排序的链表", "14合并两个排序的链表\14合并两个排序的链表.vcxproj", "{3936B0E9-80C2-4EF8-9F2F-3670B83B0192}"
EndProject
Project("{8BC9CEB8-8B4A-11D0-8D11-00A0C91BC942}") = "字节跳动0712", "字节跳动0712\字节跳动0712.vcxproj", "{BBDC7E6D-06C0-48C3-8553-01E109C8E121}"
EndProject
Global
	GlobalSection(SolutionConfigurationPlatforms) = preSolution
		Debug|x64 = Debug|x64
		Debug|x86 = Debug|x86
		Release|x64 = Release|x64
		Release|x86 = Release|x86
	EndGlobalSection
	GlobalSection(ProjectConfigurationPlatforms) = postSolution
		{A042739A-F54B-4CE6-9FC7-CDB94AB3FB31}.Debug|x64.ActiveCfg = Debug|x64
		{A042739A-F54B-4CE6-9FC7-CDB94AB3FB31}.Debug|x64.Build.0 = Debug|x64
		{A042739A-F54B-4CE6-9FC7-CDB94AB3FB31}.Debug|x86.ActiveCfg = Debug|Win32
		{A042739A-F54B-4CE6-9FC7-CDB94AB3FB31}.Debug|x86.Build.0 = Debug|Win32
		{A042739A-F54B-4CE6-9FC7-CDB94AB3FB31}.Release|x64.ActiveCfg = Release|x64
		{A042739A-F54B-4CE6-9FC7-CDB94AB3FB31}.Release|x64.Build.0 = Release|x64
		{A042739A-F54B-4CE6-9FC7-CDB94AB3FB31}.Release|x86.ActiveCfg = Release|Win32
		{A042739A-F54B-4CE6-9FC7-CDB94AB3FB31}.Release|x86.Build.0 = Release|Win32
		{B448AED9-BE7D-4B96-A938-697E73C28331}.Debug|x64.ActiveCfg = Debug|x64
		{B448AED9-BE7D-4B96-A938-697E73C28331}.Debug|x64.Build.0 = Debug|x64
		{B448AED9-BE7D-4B96-A938-697E73C28331}.Debug|x86.ActiveCfg = Debug|Win32
		{B448AED9-BE7D-4B96-A938-697E73C28331}.Debug|x86.Build.0 = Debug|Win32
		{B448AED9-BE7D-4B96-A938-697E73C28331}.Release|x64.ActiveCfg = Release|x64
		{B448AED9-BE7D-4B96-A938-697E73C28331}.Release|x64.Build.0 = Release|x64
		{B448AED9-BE7D-4B96-A938-697E73C28331}.Release|x86.ActiveCfg = Release|Win32
		{B448AED9-BE7D-4B96-A938-697E73C28331}.Release|x86.Build.0 = Release|Win32
		{E3E88AF9-3C3A-4ED4-8E63-1EF9616B8FD8}.Debug|x64.ActiveCfg = Debug|x64
		{E3E88AF9-3C3A-4ED4-8E63-1EF9616B8FD8}.Debug|x64.Build.0 = Debug|x64
		{E3E88AF9-3C3A-4ED4-8E63-1EF9616B8FD8}.Debug|x86.ActiveCfg = Debug|Win32
		{E3E88AF9-3C3A-4ED4-8E63-1EF9616B8FD8}.Debug|x86.Build.0 = Debug|Win32
		{E3E88AF9-3C3A-4ED4-8E63-1EF9616B8FD8}.Release|x64.ActiveCfg = Release|x64
		{E3E88AF9-3C3A-4ED4-8E63-1EF9616B8FD8}.Release|x64.Build.0 = Release|x64
		{E3E88AF9-3C3A-4ED4-8E63-1EF9616B8FD8}.Release|x86.ActiveCfg = Release|Win32
		{E3E88AF9-3C3A-4ED4-8E63-1EF9616B8FD8}.Release|x86.Build.0 = Release|Win32
		{1F1A99AD-679F-4360-ACAC-62452B2C63C3}.Debug|x64.ActiveCfg = Debug|x64
		{1F1A99AD-679F-4360-ACAC-62452B2C63C3}.Debug|x64.Build.0 = Debug|x64
		{1F1A99AD-679F-4360-ACAC-62452B2C63C3}.Debug|x86.ActiveCfg = Debug|Win32
		{1F1A99AD-679F-4360-ACAC-62452B2C63C3}.Debug|x86.Build.0 = Debug|Win32
		{1F1A99AD-679F-4360-ACAC-62452B2C63C3}.Release|x64.ActiveCfg = Release|x64
		{1F1A99AD-679F-4360-ACAC-62452B2C63C3}.Release|x64.Build.0 = Release|x64
		{1F1A99AD-679F-4360-ACAC-62452B2C63C3}.Release|x86.ActiveCfg = Release|Win32
		{1F1A99AD-679F-4360-ACAC-62452B2C63C3}.Release|x86.Build.0 = Release|Win32
		{544A9318-BD2C-47EC-BF9C-81E5F275615B}.Debug|x64.ActiveCfg = Debug|x64
		{544A9318-BD2C-47EC-BF9C-81E5F275615B}.Debug|x64.Build.0 = Debug|x64
		{544A9318-BD2C-47EC-BF9C-81E5F275615B}.Debug|x86.ActiveCfg = Debug|Win32
		{544A9318-BD2C-47EC-BF9C-81E5F275615B}.Debug|x86.Build.0 = Debug|Win32
		{544A9318-BD2C-47EC-BF9C-81E5F275615B}.Release|x64.ActiveCfg = Release|x64
		{544A9318-BD2C-47EC-BF9C-81E5F275615B}.Release|x64.Build.0 = Release|x64
		{544A9318-BD2C-47EC-BF9C-81E5F275615B}.Release|x86.ActiveCfg = Release|Win32
		{544A9318-BD2C-47EC-BF9C-81E5F275615B}.Release|x86.Build.0 = Release|Win32
		{42853DA4-E225-4208-B44C-CF6ABE8BE440}.Debug|x64.ActiveCfg = Debug|x64
		{42853DA4-E225-4208-B44C-CF6ABE8BE440}.Debug|x64.Build.0 = Debug|x64
		{42853DA4-E225-4208-B44C-CF6ABE8BE440}.Debug|x86.ActiveCfg = Debug|Win32
		{42853DA4-E225-4208-B44C-CF6ABE8BE440}.Debug|x86.Build.0 = Debug|Win32
		{42853DA4-E225-4208-B44C-CF6ABE8BE440}.Release|x64.ActiveCfg = Release|x64
		{42853DA4-E225-4208-B44C-CF6ABE8BE440}.Release|x64.Build.0 = Release|x64
		{42853DA4-E225-4208-B44C-CF6ABE8BE440}.Release|x86.ActiveCfg = Release|Win32
		{42853DA4-E225-4208-B44C-CF6ABE8BE440}.Release|x86.Build.0 = Release|Win32
		{DC7B2BFC-95A4-4746-9BC8-98E436479BA8}.Debug|x64.ActiveCfg = Debug|x64
		{DC7B2BFC-95A4-4746-9BC8-98E436479BA8}.Debug|x64.Build.0 = Debug|x64
		{DC7B2BFC-95A4-4746-9BC8-98E436479BA8}.Debug|x86.ActiveCfg = Debug|Win32
		{DC7B2BFC-95A4-4746-9BC8-98E436479BA8}.Debug|x86.Build.0 = Debug|Win32
		{DC7B2BFC-95A4-4746-9BC8-98E436479BA8}.Release|x64.ActiveCfg = Release|x64
		{DC7B2BFC-95A4-4746-9BC8-98E436479BA8}.Release|x64.Build.0 = Release|x64
		{DC7B2BFC-95A4-4746-9BC8-98E436479BA8}.Release|x86.ActiveCfg = Release|Win32
		{DC7B2BFC-95A4-4746-9BC8-98E436479BA8}.Release|x86.Build.0 = Release|Win32
		{03603277-FD71-4F0D-8C61-C75CF9CB7248}.Debug|x64.ActiveCfg = Debug|x64
		{03603277-FD71-4F0D-8C61-C75CF9CB7248}.Debug|x64.Build.0 = Debug|x64
		{03603277-FD71-4F0D-8C61-C75CF9CB7248}.Debug|x86.ActiveCfg = Debug|Win32
		{03603277-FD71-4F0D-8C61-C75CF9CB7248}.Debug|x86.Build.0 = Debug|Win32
		{03603277-FD71-4F0D-8C61-C75CF9CB7248}.Release|x64.ActiveCfg = Release|x64
		{03603277-FD71-4F0D-8C61-C75CF9CB7248}.Release|x64.Build.0 = Release|x64
		{03603277-FD71-4F0D-8C61-C75CF9CB7248}.Release|x86.ActiveCfg = Release|Win32
		{03603277-FD71-4F0D-8C61-C75CF9CB7248}.Release|x86.Build.0 = Release|Win32
		{879F4A5F-D233-4CD5-AE36-4FA7CF32ABCE}.Debug|x64.ActiveCfg = Debug|x64
		{879F4A5F-D233-4CD5-AE36-4FA7CF32ABCE}.Debug|x64.Build.0 = Debug|x64
		{879F4A5F-D233-4CD5-AE36-4FA7CF32ABCE}.Debug|x86.ActiveCfg = Debug|Win32
		{879F4A5F-D233-4CD5-AE36-4FA7CF32ABCE}.Debug|x86.Build.0 = Debug|Win32
		{879F4A5F-D233-4CD5-AE36-4FA7CF32ABCE}.Release|x64.ActiveCfg = Release|x64
		{879F4A5F-D233-4CD5-AE36-4FA7CF32ABCE}.Release|x64.Build.0 = Release|x64
		{879F4A5F-D233-4CD5-AE36-4FA7CF32ABCE}.Release|x86.ActiveCfg = Release|Win32
		{879F4A5F-D233-4CD5-AE36-4FA7CF32ABCE}.Release|x86.Build.0 = Release|Win32
		{F5EF8475-FA36-4CF6-AC1D-D1625286C838}.Debug|x64.ActiveCfg = Debug|x64
		{F5EF8475-FA36-4CF6-AC1D-D1625286C838}.Debug|x64.Build.0 = Debug|x64
		{F5EF8475-FA36-4CF6-AC1D-D1625286C838}.Debug|x86.ActiveCfg = Debug|Win32
		{F5EF8475-FA36-4CF6-AC1D-D1625286C838}.Debug|x86.Build.0 = Debug|Win32
		{F5EF8475-FA36-4CF6-AC1D-D1625286C838}.Release|x64.ActiveCfg = Release|x64
		{F5EF8475-FA36-4CF6-AC1D-D1625286C838}.Release|x64.Build.0 = Release|x64
		{F5EF8475-FA36-4CF6-AC1D-D1625286C838}.Release|x86.ActiveCfg = Release|Win32
		{F5EF8475-FA36-4CF6-AC1D-D1625286C838}.Release|x86.Build.0 = Release|Win32
		{E72AAC75-CE0D-4086-9E50-024565E1AB17}.Debug|x64.ActiveCfg = Debug|x64
		{E72AAC75-CE0D-4086-9E50-024565E1AB17}.Debug|x64.Build.0 = Debug|x64
		{E72AAC75-CE0D-4086-9E50-024565E1AB17}.Debug|x86.ActiveCfg = Debug|Win32
		{E72AAC75-CE0D-4086-9E50-024565E1AB17}.Debug|x86.Build.0 = Debug|Win32
		{E72AAC75-CE0D-4086-9E50-024565E1AB17}.Release|x64.ActiveCfg = Release|x64
		{E72AAC75-CE0D-4086-9E50-024565E1AB17}.Release|x64.Build.0 = Release|x64
		{E72AAC75-CE0D-4086-9E50-024565E1AB17}.Release|x86.ActiveCfg = Release|Win32
		{E72AAC75-CE0D-4086-9E50-024565E1AB17}.Release|x86.Build.0 = Release|Win32
		{43779A8C-C864-4262-8C1A-89E91E400359}.Debug|x64.ActiveCfg = Debug|x64
		{43779A8C-C864-4262-8C1A-89E91E400359}.Debug|x64.Build.0 = Debug|x64
		{43779A8C-C864-4262-8C1A-89E91E400359}.Debug|x86.ActiveCfg = Debug|Win32
		{43779A8C-C864-4262-8C1A-89E91E400359}.Debug|x86.Build.0 = Debug|Win32
		{43779A8C-C864-4262-8C1A-89E91E400359}.Release|x64.ActiveCfg = Release|x64
		{43779A8C-C864-4262-8C1A-89E91E400359}.Release|x64.Build.0 = Release|x64
		{43779A8C-C864-4262-8C1A-89E91E400359}.Release|x86.ActiveCfg = Release|Win32
		{43779A8C-C864-4262-8C1A-89E91E400359}.Release|x86.Build.0 = Release|Win32
		{AC07DE82-2944-40D6-9369-95B3E651CD48}.Debug|x64.ActiveCfg = Debug|x64
		{AC07DE82-2944-40D6-9369-95B3E651CD48}.Debug|x64.Build.0 = Debug|x64
		{AC07DE82-2944-40D6-9369-95B3E651CD48}.Debug|x86.ActiveCfg = Debug|Win32
		{AC07DE82-2944-40D6-9369-95B3E651CD48}.Debug|x86.Build.0 = Debug|Win32
		{AC07DE82-2944-40D6-9369-95B3E651CD48}.Release|x64.ActiveCfg = Release|x64
		{AC07DE82-2944-40D6-9369-95B3E651CD48}.Release|x64.Build.0 = Release|x64
		{AC07DE82-2944-40D6-9369-95B3E651CD48}.Release|x86.ActiveCfg = Release|Win32
		{AC07DE82-2944-40D6-9369-95B3E651CD48}.Release|x86.Build.0 = Release|Win32
		{F9A36533-A9C9-45D9-8F97-54B4C14F6EFF}.Debug|x64.ActiveCfg = Debug|x64
		{F9A36533-A9C9-45D9-8F97-54B4C14F6EFF}.Debug|x64.Build.0 = Debug|x64
		{F9A36533-A9C9-45D9-8F97-54B4C14F6EFF}.Debug|x86.ActiveCfg = Debug|Win32
		{F9A36533-A9C9-45D9-8F97-54B4C14F6EFF}.Debug|x86.Build.0 = Debug|Win32
		{F9A36533-A9C9-45D9-8F97-54B4C14F6EFF}.Release|x64.ActiveCfg = Release|x64
		{F9A36533-A9C9-45D9-8F97-54B4C14F6EFF}.Release|x64.Build.0 = Release|x64
		{F9A36533-A9C9-45D9-8F97-54B4C14F6EFF}.Release|x86.ActiveCfg = Release|Win32
		{F9A36533-A9C9-45D9-8F97-54B4C14F6EFF}.Release|x86.Build.0 = Release|Win32
		{D2003C5C-89EC-40BB-98FF-1AC63C60E53A}.Debug|x64.ActiveCfg = Debug|x64
		{D2003C5C-89EC-40BB-98FF-1AC63C60E53A}.Debug|x64.Build.0 = Debug|x64
		{D2003C5C-89EC-40BB-98FF-1AC63C60E53A}.Debug|x86.ActiveCfg = Debug|Win32
		{D2003C5C-89EC-40BB-98FF-1AC63C60E53A}.Debug|x86.Build.0 = Debug|Win32
		{D2003C5C-89EC-40BB-98FF-1AC63C60E53A}.Release|x64.ActiveCfg = Release|x64
		{D2003C5C-89EC-40BB-98FF-1AC63C60E53A}.Release|x64.Build.0 = Release|x64
		{D2003C5C-89EC-40BB-98FF-1AC63C60E53A}.Release|x86.ActiveCfg = Release|Win32
		{D2003C5C-89EC-40BB-98FF-1AC63C60E53A}.Release|x86.Build.0 = Release|Win32
		{67EFBC17-03D2-4256-9338-C4B644271CA1}.Debug|x64.ActiveCfg = Debug|x64
		{67EFBC17-03D2-4256-9338-C4B644271CA1}.Debug|x64.Build.0 = Debug|x64
		{67EFBC17-03D2-4256-9338-C4B644271CA1}.Debug|x86.ActiveCfg = Debug|Win32
		{67EFBC17-03D2-4256-9338-C4B644271CA1}.Debug|x86.Build.0 = Debug|Win32
		{67EFBC17-03D2-4256-9338-C4B644271CA1}.Release|x64.ActiveCfg = Release|x64
		{67EFBC17-03D2-4256-9338-C4B644271CA1}.Release|x64.Build.0 = Release|x64
		{67EFBC17-03D2-4256-9338-C4B644271CA1}.Release|x86.ActiveCfg = Release|Win32
		{67EFBC17-03D2-4256-9338-C4B644271CA1}.Release|x86.Build.0 = Release|Win32
		{F1B137C7-1564-4478-873F-38B92D294EF1}.Debug|x64.ActiveCfg = Debug|x64
		{F1B137C7-1564-4478-873F-38B92D294EF1}.Debug|x64.Build.0 = Debug|x64
		{F1B137C7-1564-4478-873F-38B92D294EF1}.Debug|x86.ActiveCfg = Debug|Win32
		{F1B137C7-1564-4478-873F-38B92D294EF1}.Debug|x86.Build.0 = Debug|Win32
		{F1B137C7-1564-4478-873F-38B92D294EF1}.Release|x64.ActiveCfg = Release|x64
		{F1B137C7-1564-4478-873F-38B92D294EF1}.Release|x64.Build.0 = Release|x64
		{F1B137C7-1564-4478-873F-38B92D294EF1}.Release|x86.ActiveCfg = Release|Win32
		{F1B137C7-1564-4478-873F-38B92D294EF1}.Release|x86.Build.0 = Release|Win32
		{EC98262A-C1DD-4CA0-BE1F-9036B1374FAB}.Debug|x64.ActiveCfg = Debug|x64
		{EC98262A-C1DD-4CA0-BE1F-9036B1374FAB}.Debug|x64.Build.0 = Debug|x64
		{EC98262A-C1DD-4CA0-BE1F-9036B1374FAB}.Debug|x86.ActiveCfg = Debug|Win32
		{EC98262A-C1DD-4CA0-BE1F-9036B1374FAB}.Debug|x86.Build.0 = Debug|Win32
		{EC98262A-C1DD-4CA0-BE1F-9036B1374FAB}.Release|x64.ActiveCfg = Release|x64
		{EC98262A-C1DD-4CA0-BE1F-9036B1374FAB}.Release|x64.Build.0 = Release|x64
		{EC98262A-C1DD-4CA0-BE1F-9036B1374FAB}.Release|x86.ActiveCfg = Release|Win32
		{EC98262A-C1DD-4CA0-BE1F-9036B1374FAB}.Release|x86.Build.0 = Release|Win32
		{48AF3C4C-72BA-4FAD-8EEA-3E389901E1AD}.Debug|x64.ActiveCfg = Debug|x64
		{48AF3C4C-72BA-4FAD-8EEA-3E389901E1AD}.Debug|x64.Build.0 = Debug|x64
		{48AF3C4C-72BA-4FAD-8EEA-3E389901E1AD}.Debug|x86.ActiveCfg = Debug|Win32
		{48AF3C4C-72BA-4FAD-8EEA-3E389901E1AD}.Debug|x86.Build.0 = Debug|Win32
		{48AF3C4C-72BA-4FAD-8EEA-3E389901E1AD}.Release|x64.ActiveCfg = Release|x64
		{48AF3C4C-72BA-4FAD-8EEA-3E389901E1AD}.Release|x64.Build.0 = Release|x64
		{48AF3C4C-72BA-4FAD-8EEA-3E389901E1AD}.Release|x86.ActiveCfg = Release|Win32
		{48AF3C4C-72BA-4FAD-8EEA-3E389901E1AD}.Release|x86.Build.0 = Release|Win32
		{D8B2DDE1-C5D7-462C-874C-827472BA3A67}.Debug|x64.ActiveCfg = Debug|x64
		{D8B2DDE1-C5D7-462C-874C-827472BA3A67}.Debug|x64.Build.0 = Debug|x64
		{D8B2DDE1-C5D7-462C-874C-827472BA3A67}.Debug|x86.ActiveCfg = Debug|Win32
		{D8B2DDE1-C5D7-462C-874C-827472BA3A67}.Debug|x86.Build.0 = Debug|Win32
		{D8B2DDE1-C5D7-462C-874C-827472BA3A67}.Release|x64.ActiveCfg = Release|x64
		{D8B2DDE1-C5D7-462C-874C-827472BA3A67}.Release|x64.Build.0 = Release|x64
		{D8B2DDE1-C5D7-462C-874C-827472BA3A67}.Release|x86.ActiveCfg = Release|Win32
		{D8B2DDE1-C5D7-462C-874C-827472BA3A67}.Release|x86.Build.0 = Release|Win32
		{CE33F256-5949-4F17-8534-2B9346C9302D}.Debug|x64.ActiveCfg = Debug|x64
		{CE33F256-5949-4F17-8534-2B9346C9302D}.Debug|x64.Build.0 = Debug|x64
		{CE33F256-5949-4F17-8534-2B9346C9302D}.Debug|x86.ActiveCfg = Debug|Win32
		{CE33F256-5949-4F17-8534-2B9346C9302D}.Debug|x86.Build.0 = Debug|Win32
		{CE33F256-5949-4F17-8534-2B9346C9302D}.Release|x64.ActiveCfg = Release|x64
		{CE33F256-5949-4F17-8534-2B9346C9302D}.Release|x64.Build.0 = Release|x64
		{CE33F256-5949-4F17-8534-2B9346C9302D}.Release|x86.ActiveCfg = Release|Win32
		{CE33F256-5949-4F17-8534-2B9346C9302D}.Release|x86.Build.0 = Release|Win32
		{08CF46C5-32BB-400C-BACE-B58A3FCF161A}.Debug|x64.ActiveCfg = Debug|x64
		{08CF46C5-32BB-400C-BACE-B58A3FCF161A}.Debug|x64.Build.0 = Debug|x64
		{08CF46C5-32BB-400C-BACE-B58A3FCF161A}.Debug|x86.ActiveCfg = Debug|Win32
		{08CF46C5-32BB-400C-BACE-B58A3FCF161A}.Debug|x86.Build.0 = Debug|Win32
		{08CF46C5-32BB-400C-BACE-B58A3FCF161A}.Release|x64.ActiveCfg = Release|x64
		{08CF46C5-32BB-400C-BACE-B58A3FCF161A}.Release|x64.Build.0 = Release|x64
		{08CF46C5-32BB-400C-BACE-B58A3FCF161A}.Release|x86.ActiveCfg = Release|Win32
		{08CF46C5-32BB-400C-BACE-B58A3FCF161A}.Release|x86.Build.0 = Release|Win32
		{D436B697-AF7B-4BEC-98BC-499C4D916C3A}.Debug|x64.ActiveCfg = Debug|x64
		{D436B697-AF7B-4BEC-98BC-499C4D916C3A}.Debug|x64.Build.0 = Debug|x64
		{D436B697-AF7B-4BEC-98BC-499C4D916C3A}.Debug|x86.ActiveCfg = Debug|Win32
		{D436B697-AF7B-4BEC-98BC-499C4D916C3A}.Debug|x86.Build.0 = Debug|Win32
		{D436B697-AF7B-4BEC-98BC-499C4D916C3A}.Release|x64.ActiveCfg = Release|x64
		{D436B697-AF7B-4BEC-98BC-499C4D916C3A}.Release|x64.Build.0 = Release|x64
		{D436B697-AF7B-4BEC-98BC-499C4D916C3A}.Release|x86.ActiveCfg = Release|Win32
		{D436B697-AF7B-4BEC-98BC-499C4D916C3A}.Release|x86.Build.0 = Release|Win32
		{14D39419-99EE-48A6-AE72-8CBDADF4A784}.Debug|x64.ActiveCfg = Debug|x64
		{14D39419-99EE-48A6-AE72-8CBDADF4A784}.Debug|x64.Build.0 = Debug|x64
		{14D39419-99EE-48A6-AE72-8CBDADF4A784}.Debug|x86.ActiveCfg = Debug|Win32
		{14D39419-99EE-48A6-AE72-8CBDADF4A784}.Debug|x86.Build.0 = Debug|Win32
		{14D39419-99EE-48A6-AE72-8CBDADF4A784}.Release|x64.ActiveCfg = Release|x64
		{14D39419-99EE-48A6-AE72-8CBDADF4A784}.Release|x64.Build.0 = Release|x64
		{14D39419-99EE-48A6-AE72-8CBDADF4A784}.Release|x86.ActiveCfg = Release|Win32
		{14D39419-99EE-48A6-AE72-8CBDADF4A784}.Release|x86.Build.0 = Release|Win32
		{F6A094CA-03F5-4FF2-8095-01515ECA0AF1}.Debug|x64.ActiveCfg = Debug|x64
		{F6A094CA-03F5-4FF2-8095-01515ECA0AF1}.Debug|x64.Build.0 = Debug|x64
		{F6A094CA-03F5-4FF2-8095-01515ECA0AF1}.Debug|x86.ActiveCfg = Debug|Win32
		{F6A094CA-03F5-4FF2-8095-01515ECA0AF1}.Debug|x86.Build.0 = Debug|Win32
		{F6A094CA-03F5-4FF2-8095-01515ECA0AF1}.Release|x64.ActiveCfg = Release|x64
		{F6A094CA-03F5-4FF2-8095-01515ECA0AF1}.Release|x64.Build.0 = Release|x64
		{F6A094CA-03F5-4FF2-8095-01515ECA0AF1}.Release|x86.ActiveCfg = Release|Win32
		{F6A094CA-03F5-4FF2-8095-01515ECA0AF1}.Release|x86.Build.0 = Release|Win32
		{C5333751-7BBC-45B3-AA7B-1AEF5D5F9EBE}.Debug|x64.ActiveCfg = Debug|x64
		{C5333751-7BBC-45B3-AA7B-1AEF5D5F9EBE}.Debug|x64.Build.0 = Debug|x64
		{C5333751-7BBC-45B3-AA7B-1AEF5D5F9EBE}.Debug|x86.ActiveCfg = Debug|Win32
		{C5333751-7BBC-45B3-AA7B-1AEF5D5F9EBE}.Debug|x86.Build.0 = Debug|Win32
		{C5333751-7BBC-45B3-AA7B-1AEF5D5F9EBE}.Release|x64.ActiveCfg = Release|x64
		{C5333751-7BBC-45B3-AA7B-1AEF5D5F9EBE}.Release|x64.Build.0 = Release|x64
		{C5333751-7BBC-45B3-AA7B-1AEF5D5F9EBE}.Release|x86.ActiveCfg = Release|Win32
		{C5333751-7BBC-45B3-AA7B-1AEF5D5F9EBE}.Release|x86.Build.0 = Release|Win32
		{F37B3E86-36DB-4F34-A351-E2056D8E75F7}.Debug|x64.ActiveCfg = Debug|x64
		{F37B3E86-36DB-4F34-A351-E2056D8E75F7}.Debug|x64.Build.0 = Debug|x64
		{F37B3E86-36DB-4F34-A351-E2056D8E75F7}.Debug|x86.ActiveCfg = Debug|Win32
		{F37B3E86-36DB-4F34-A351-E2056D8E75F7}.Debug|x86.Build.0 = Debug|Win32
		{F37B3E86-36DB-4F34-A351-E2056D8E75F7}.Release|x64.ActiveCfg = Release|x64
		{F37B3E86-36DB-4F34-A351-E2056D8E75F7}.Release|x64.Build.0 = Release|x64
		{F37B3E86-36DB-4F34-A351-E2056D8E75F7}.Release|x86.ActiveCfg = Release|Win32
		{F37B3E86-36DB-4F34-A351-E2056D8E75F7}.Release|x86.Build.0 = Release|Win32
		{B476E1C6-4127-465E-8516-BD844223B553}.Debug|x64.ActiveCfg = Debug|x64
		{B476E1C6-4127-465E-8516-BD844223B553}.Debug|x64.Build.0 = Debug|x64
		{B476E1C6-4127-465E-8516-BD844223B553}.Debug|x86.ActiveCfg = Debug|Win32
		{B476E1C6-4127-465E-8516-BD844223B553}.Debug|x86.Build.0 = Debug|Win32
		{B476E1C6-4127-465E-8516-BD844223B553}.Release|x64.ActiveCfg = Release|x64
		{B476E1C6-4127-465E-8516-BD844223B553}.Release|x64.Build.0 = Release|x64
		{B476E1C6-4127-465E-8516-BD844223B553}.Release|x86.ActiveCfg = Release|Win32
		{B476E1C6-4127-465E-8516-BD844223B553}.Release|x86.Build.0 = Release|Win32
		{2D41387D-413C-48F9-AEAB-738A4A639892}.Debug|x64.ActiveCfg = Debug|x64
		{2D41387D-413C-48F9-AEAB-738A4A639892}.Debug|x64.Build.0 = Debug|x64
		{2D41387D-413C-48F9-AEAB-738A4A639892}.Debug|x86.ActiveCfg = Debug|Win32
		{2D41387D-413C-48F9-AEAB-738A4A639892}.Debug|x86.Build.0 = Debug|Win32
		{2D41387D-413C-48F9-AEAB-738A4A639892}.Release|x64.ActiveCfg = Release|x64
		{2D41387D-413C-48F9-AEAB-738A4A639892}.Release|x64.Build.0 = Release|x64
		{2D41387D-413C-48F9-AEAB-738A4A639892}.Release|x86.ActiveCfg = Release|Win32
		{2D41387D-413C-48F9-AEAB-738A4A639892}.Release|x86.Build.0 = Release|Win32
		{131E0980-8E57-443F-BB36-D1CE73CD42F1}.Debug|x64.ActiveCfg = Debug|x64
		{131E0980-8E57-443F-BB36-D1CE73CD42F1}.Debug|x64.Build.0 = Debug|x64
		{131E0980-8E57-443F-BB36-D1CE73CD42F1}.Debug|x86.ActiveCfg = Debug|Win32
		{131E0980-8E57-443F-BB36-D1CE73CD42F1}.Debug|x86.Build.0 = Debug|Win32
		{131E0980-8E57-443F-BB36-D1CE73CD42F1}.Release|x64.ActiveCfg = Release|x64
		{131E0980-8E57-443F-BB36-D1CE73CD42F1}.Release|x64.Build.0 = Release|x64
		{131E0980-8E57-443F-BB36-D1CE73CD42F1}.Release|x86.ActiveCfg = Release|Win32
		{131E0980-8E57-443F-BB36-D1CE73CD42F1}.Release|x86.Build.0 = Release|Win32
		{29590F54-7AFD-4659-BD23-11577FEF4C43}.Debug|x64.ActiveCfg = Debug|x64
		{29590F54-7AFD-4659-BD23-11577FEF4C43}.Debug|x64.Build.0 = Debug|x64
		{29590F54-7AFD-4659-BD23-11577FEF4C43}.Debug|x86.ActiveCfg = Debug|Win32
		{29590F54-7AFD-4659-BD23-11577FEF4C43}.Debug|x86.Build.0 = Debug|Win32
		{29590F54-7AFD-4659-BD23-11577FEF4C43}.Release|x64.ActiveCfg = Release|x64
		{29590F54-7AFD-4659-BD23-11577FEF4C43}.Release|x64.Build.0 = Release|x64
		{29590F54-7AFD-4659-BD23-11577FEF4C43}.Release|x86.ActiveCfg = Release|Win32
		{29590F54-7AFD-4659-BD23-11577FEF4C43}.Release|x86.Build.0 = Release|Win32
		{51FB7ECA-3992-48E1-A0E4-380C3C8100E1}.Debug|x64.ActiveCfg = Debug|x64
		{51FB7ECA-3992-48E1-A0E4-380C3C8100E1}.Debug|x64.Build.0 = Debug|x64
		{51FB7ECA-3992-48E1-A0E4-380C3C8100E1}.Debug|x86.ActiveCfg = Debug|Win32
		{51FB7ECA-3992-48E1-A0E4-380C3C8100E1}.Debug|x86.Build.0 = Debug|Win32
		{51FB7ECA-3992-48E1-A0E4-380C3C8100E1}.Release|x64.ActiveCfg = Release|x64
		{51FB7ECA-3992-48E1-A0E4-380C3C8100E1}.Release|x64.Build.0 = Release|x64
		{51FB7ECA-3992-48E1-A0E4-380C3C8100E1}.Release|x86.ActiveCfg = Release|Win32
		{51FB7ECA-3992-48E1-A0E4-380C3C8100E1}.Release|x86.Build.0 = Release|Win32
		{84743027-E5EF-40AD-94FF-746D5070D452}.Debug|x64.ActiveCfg = Debug|x64
		{84743027-E5EF-40AD-94FF-746D5070D452}.Debug|x64.Build.0 = Debug|x64
		{84743027-E5EF-40AD-94FF-746D5070D452}.Debug|x86.ActiveCfg = Debug|Win32
		{84743027-E5EF-40AD-94FF-746D5070D452}.Debug|x86.Build.0 = Debug|Win32
		{84743027-E5EF-40AD-94FF-746D5070D452}.Release|x64.ActiveCfg = Release|x64
		{84743027-E5EF-40AD-94FF-746D5070D452}.Release|x64.Build.0 = Release|x64
		{84743027-E5EF-40AD-94FF-746D5070D452}.Release|x86.ActiveCfg = Release|Win32
		{84743027-E5EF-40AD-94FF-746D5070D452}.Release|x86.Build.0 = Release|Win32
		{1A3E9C0D-B6C3-44B7-BFF9-7947D3CAD997}.Debug|x64.ActiveCfg = Debug|x64
		{1A3E9C0D-B6C3-44B7-BFF9-7947D3CAD997}.Debug|x64.Build.0 = Debug|x64
		{1A3E9C0D-B6C3-44B7-BFF9-7947D3CAD997}.Debug|x86.ActiveCfg = Debug|Win32
		{1A3E9C0D-B6C3-44B7-BFF9-7947D3CAD997}.Debug|x86.Build.0 = Debug|Win32
		{1A3E9C0D-B6C3-44B7-BFF9-7947D3CAD997}.Release|x64.ActiveCfg = Release|x64
		{1A3E9C0D-B6C3-44B7-BFF9-7947D3CAD997}.Release|x64.Build.0 = Release|x64
		{1A3E9C0D-B6C3-44B7-BFF9-7947D3CAD997}.Release|x86.ActiveCfg = Release|Win32
		{1A3E9C0D-B6C3-44B7-BFF9-7947D3CAD997}.Release|x86.Build.0 = Release|Win32
		{BDF865FD-67E1-408D-B2AA-05400824AC3B}.Debug|x64.ActiveCfg = Debug|x64
		{BDF865FD-67E1-408D-B2AA-05400824AC3B}.Debug|x64.Build.0 = Debug|x64
		{BDF865FD-67E1-408D-B2AA-05400824AC3B}.Debug|x86.ActiveCfg = Debug|Win32
		{BDF865FD-67E1-408D-B2AA-05400824AC3B}.Debug|x86.Build.0 = Debug|Win32
		{BDF865FD-67E1-408D-B2AA-05400824AC3B}.Release|x64.ActiveCfg = Release|x64
		{BDF865FD-67E1-408D-B2AA-05400824AC3B}.Release|x64.Build.0 = Release|x64
		{BDF865FD-67E1-408D-B2AA-05400824AC3B}.Release|x86.ActiveCfg = Release|Win32
		{BDF865FD-67E1-408D-B2AA-05400824AC3B}.Release|x86.Build.0 = Release|Win32
		{73F06F9C-44EE-43B9-B95D-033EFCA1FF32}.Debug|x64.ActiveCfg = Debug|x64
		{73F06F9C-44EE-43B9-B95D-033EFCA1FF32}.Debug|x64.Build.0 = Debug|x64
		{73F06F9C-44EE-43B9-B95D-033EFCA1FF32}.Debug|x86.ActiveCfg = Debug|Win32
		{73F06F9C-44EE-43B9-B95D-033EFCA1FF32}.Debug|x86.Build.0 = Debug|Win32
		{73F06F9C-44EE-43B9-B95D-033EFCA1FF32}.Release|x64.ActiveCfg = Release|x64
		{73F06F9C-44EE-43B9-B95D-033EFCA1FF32}.Release|x64.Build.0 = Release|x64
		{73F06F9C-44EE-43B9-B95D-033EFCA1FF32}.Release|x86.ActiveCfg = Release|Win32
		{73F06F9C-44EE-43B9-B95D-033EFCA1FF32}.Release|x86.Build.0 = Release|Win32
		{C3F81596-C74E-4A5C-9641-BA71D8B27909}.Debug|x64.ActiveCfg = Debug|x64
		{C3F81596-C74E-4A5C-9641-BA71D8B27909}.Debug|x64.Build.0 = Debug|x64
		{C3F81596-C74E-4A5C-9641-BA71D8B27909}.Debug|x86.ActiveCfg = Debug|Win32
		{C3F81596-C74E-4A5C-9641-BA71D8B27909}.Debug|x86.Build.0 = Debug|Win32
		{C3F81596-C74E-4A5C-9641-BA71D8B27909}.Release|x64.ActiveCfg = Release|x64
		{C3F81596-C74E-4A5C-9641-BA71D8B27909}.Release|x64.Build.0 = Release|x64
		{C3F81596-C74E-4A5C-9641-BA71D8B27909}.Release|x86.ActiveCfg = Release|Win32
		{C3F81596-C74E-4A5C-9641-BA71D8B27909}.Release|x86.Build.0 = Release|Win32
		{0006F663-4ED2-4CF4-8939-FB4B7945FE4D}.Debug|x64.ActiveCfg = Debug|x64
		{0006F663-4ED2-4CF4-8939-FB4B7945FE4D}.Debug|x64.Build.0 = Debug|x64
		{0006F663-4ED2-4CF4-8939-FB4B7945FE4D}.Debug|x86.ActiveCfg = Debug|Win32
		{0006F663-4ED2-4CF4-8939-FB4B7945FE4D}.Debug|x86.Build.0 = Debug|Win32
		{0006F663-4ED2-4CF4-8939-FB4B7945FE4D}.Release|x64.ActiveCfg = Release|x64
		{0006F663-4ED2-4CF4-8939-FB4B7945FE4D}.Release|x64.Build.0 = Release|x64
		{0006F663-4ED2-4CF4-8939-FB4B7945FE4D}.Release|x86.ActiveCfg = Release|Win32
		{0006F663-4ED2-4CF4-8939-FB4B7945FE4D}.Release|x86.Build.0 = Release|Win32
		{555583E0-CC67-4C32-A264-204C08BD1706}.Debug|x64.ActiveCfg = Debug|x64
		{555583E0-CC67-4C32-A264-204C08BD1706}.Debug|x64.Build.0 = Debug|x64
		{555583E0-CC67-4C32-A264-204C08BD1706}.Debug|x86.ActiveCfg = Debug|Win32
		{555583E0-CC67-4C32-A264-204C08BD1706}.Debug|x86.Build.0 = Debug|Win32
		{555583E0-CC67-4C32-A264-204C08BD1706}.Release|x64.ActiveCfg = Release|x64
		{555583E0-CC67-4C32-A264-204C08BD1706}.Release|x64.Build.0 = Release|x64
		{555583E0-CC67-4C32-A264-204C08BD1706}.Release|x86.ActiveCfg = Release|Win32
		{555583E0-CC67-4C32-A264-204C08BD1706}.Release|x86.Build.0 = Release|Win32
		{1AFB82A2-0AC7-423C-8E2B-1966B5F95268}.Debug|x64.ActiveCfg = Debug|x64
		{1AFB82A2-0AC7-423C-8E2B-1966B5F95268}.Debug|x64.Build.0 = Debug|x64
		{1AFB82A2-0AC7-423C-8E2B-1966B5F95268}.Debug|x86.ActiveCfg = Debug|Win32
		{1AFB82A2-0AC7-423C-8E2B-1966B5F95268}.Debug|x86.Build.0 = Debug|Win32
		{1AFB82A2-0AC7-423C-8E2B-1966B5F95268}.Release|x64.ActiveCfg = Release|x64
		{1AFB82A2-0AC7-423C-8E2B-1966B5F95268}.Release|x64.Build.0 = Release|x64
		{1AFB82A2-0AC7-423C-8E2B-1966B5F95268}.Release|x86.ActiveCfg = Release|Win32
		{1AFB82A2-0AC7-423C-8E2B-1966B5F95268}.Release|x86.Build.0 = Release|Win32
		{F4588EA2-FA66-44D5-BE1E-5662358FA651}.Debug|x64.ActiveCfg = Debug|x64
		{F4588EA2-FA66-44D5-BE1E-5662358FA651}.Debug|x64.Build.0 = Debug|x64
		{F4588EA2-FA66-44D5-BE1E-5662358FA651}.Debug|x86.ActiveCfg = Debug|Win32
		{F4588EA2-FA66-44D5-BE1E-5662358FA651}.Debug|x86.Build.0 = Debug|Win32
		{F4588EA2-FA66-44D5-BE1E-5662358FA651}.Release|x64.ActiveCfg = Release|x64
		{F4588EA2-FA66-44D5-BE1E-5662358FA651}.Release|x64.Build.0 = Release|x64
		{F4588EA2-FA66-44D5-BE1E-5662358FA651}.Release|x86.ActiveCfg = Release|Win32
		{F4588EA2-FA66-44D5-BE1E-5662358FA651}.Release|x86.Build.0 = Release|Win32
		{EA4D05D5-7476-413E-9896-37B31E2894AF}.Debug|x64.ActiveCfg = Debug|x64
		{EA4D05D5-7476-413E-9896-37B31E2894AF}.Debug|x64.Build.0 = Debug|x64
		{EA4D05D5-7476-413E-9896-37B31E2894AF}.Debug|x86.ActiveCfg = Debug|Win32
		{EA4D05D5-7476-413E-9896-37B31E2894AF}.Debug|x86.Build.0 = Debug|Win32
		{EA4D05D5-7476-413E-9896-37B31E2894AF}.Release|x64.ActiveCfg = Release|x64
		{EA4D05D5-7476-413E-9896-37B31E2894AF}.Release|x64.Build.0 = Release|x64
		{EA4D05D5-7476-413E-9896-37B31E2894AF}.Release|x86.ActiveCfg = Release|Win32
		{EA4D05D5-7476-413E-9896-37B31E2894AF}.Release|x86.Build.0 = Release|Win32
		{DB6F4753-FB63-469D-8027-BD7C7BEB5006}.Debug|x64.ActiveCfg = Debug|x64
		{DB6F4753-FB63-469D-8027-BD7C7BEB5006}.Debug|x64.Build.0 = Debug|x64
		{DB6F4753-FB63-469D-8027-BD7C7BEB5006}.Debug|x86.ActiveCfg = Debug|Win32
		{DB6F4753-FB63-469D-8027-BD7C7BEB5006}.Debug|x86.Build.0 = Debug|Win32
		{DB6F4753-FB63-469D-8027-BD7C7BEB5006}.Release|x64.ActiveCfg = Release|x64
		{DB6F4753-FB63-469D-8027-BD7C7BEB5006}.Release|x64.Build.0 = Release|x64
		{DB6F4753-FB63-469D-8027-BD7C7BEB5006}.Release|x86.ActiveCfg = Release|Win32
		{DB6F4753-FB63-469D-8027-BD7C7BEB5006}.Release|x86.Build.0 = Release|Win32
		{D01F0396-89E2-4CC5-8C50-30A6B0655788}.Debug|x64.ActiveCfg = Debug|x64
		{D01F0396-89E2-4CC5-8C50-30A6B0655788}.Debug|x64.Build.0 = Debug|x64
		{D01F0396-89E2-4CC5-8C50-30A6B0655788}.Debug|x86.ActiveCfg = Debug|Win32
		{D01F0396-89E2-4CC5-8C50-30A6B0655788}.Debug|x86.Build.0 = Debug|Win32
		{D01F0396-89E2-4CC5-8C50-30A6B0655788}.Release|x64.ActiveCfg = Release|x64
		{D01F0396-89E2-4CC5-8C50-30A6B0655788}.Release|x64.Build.0 = Release|x64
		{D01F0396-89E2-4CC5-8C50-30A6B0655788}.Release|x86.ActiveCfg = Release|Win32
		{D01F0396-89E2-4CC5-8C50-30A6B0655788}.Release|x86.Build.0 = Release|Win32
		{57828466-7AE7-4390-87C3-7DC982E33DE7}.Debug|x64.ActiveCfg = Debug|x64
		{57828466-7AE7-4390-87C3-7DC982E33DE7}.Debug|x64.Build.0 = Debug|x64
		{57828466-7AE7-4390-87C3-7DC982E33DE7}.Debug|x86.ActiveCfg = Debug|Win32
		{57828466-7AE7-4390-87C3-7DC982E33DE7}.Debug|x86.Build.0 = Debug|Win32
		{57828466-7AE7-4390-87C3-7DC982E33DE7}.Release|x64.ActiveCfg = Release|x64
		{57828466-7AE7-4390-87C3-7DC982E33DE7}.Release|x64.Build.0 = Release|x64
		{57828466-7AE7-4390-87C3-7DC982E33DE7}.Release|x86.ActiveCfg = Release|Win32
		{57828466-7AE7-4390-87C3-7DC982E33DE7}.Release|x86.Build.0 = Release|Win32
		{DE220B1E-57CE-47E9-895C-025EC5ACE6DA}.Debug|x64.ActiveCfg = Debug|x64
		{DE220B1E-57CE-47E9-895C-025EC5ACE6DA}.Debug|x64.Build.0 = Debug|x64
		{DE220B1E-57CE-47E9-895C-025EC5ACE6DA}.Debug|x86.ActiveCfg = Debug|Win32
		{DE220B1E-57CE-47E9-895C-025EC5ACE6DA}.Debug|x86.Build.0 = Debug|Win32
		{DE220B1E-57CE-47E9-895C-025EC5ACE6DA}.Release|x64.ActiveCfg = Release|x64
		{DE220B1E-57CE-47E9-895C-025EC5ACE6DA}.Release|x64.Build.0 = Release|x64
		{DE220B1E-57CE-47E9-895C-025EC5ACE6DA}.Release|x86.ActiveCfg = Release|Win32
		{DE220B1E-57CE-47E9-895C-025EC5ACE6DA}.Release|x86.Build.0 = Release|Win32
		{ECE7FDCF-1FE9-4ED2-84CA-BBED578B2A9F}.Debug|x64.ActiveCfg = Debug|x64
		{ECE7FDCF-1FE9-4ED2-84CA-BBED578B2A9F}.Debug|x64.Build.0 = Debug|x64
		{ECE7FDCF-1FE9-4ED2-84CA-BBED578B2A9F}.Debug|x86.ActiveCfg = Debug|Win32
		{ECE7FDCF-1FE9-4ED2-84CA-BBED578B2A9F}.Debug|x86.Build.0 = Debug|Win32
		{ECE7FDCF-1FE9-4ED2-84CA-BBED578B2A9F}.Release|x64.ActiveCfg = Release|x64
		{ECE7FDCF-1FE9-4ED2-84CA-BBED578B2A9F}.Release|x64.Build.0 = Release|x64
		{ECE7FDCF-1FE9-4ED2-84CA-BBED578B2A9F}.Release|x86.ActiveCfg = Release|Win32
		{ECE7FDCF-1FE9-4ED2-84CA-BBED578B2A9F}.Release|x86.Build.0 = Release|Win32
		{788DFBA2-C374-4805-8828-2FA16FAF72A2}.Debug|x64.ActiveCfg = Debug|x64
		{788DFBA2-C374-4805-8828-2FA16FAF72A2}.Debug|x64.Build.0 = Debug|x64
		{788DFBA2-C374-4805-8828-2FA16FAF72A2}.Debug|x86.ActiveCfg = Debug|Win32
		{788DFBA2-C374-4805-8828-2FA16FAF72A2}.Debug|x86.Build.0 = Debug|Win32
		{788DFBA2-C374-4805-8828-2FA16FAF72A2}.Release|x64.ActiveCfg = Release|x64
		{788DFBA2-C374-4805-8828-2FA16FAF72A2}.Release|x64.Build.0 = Release|x64
		{788DFBA2-C374-4805-8828-2FA16FAF72A2}.Release|x86.ActiveCfg = Release|Win32
		{788DFBA2-C374-4805-8828-2FA16FAF72A2}.Release|x86.Build.0 = Release|Win32
		{41D6C703-B53A-4546-9D84-4BE8938734EE}.Debug|x64.ActiveCfg = Debug|x64
		{41D6C703-B53A-4546-9D84-4BE8938734EE}.Debug|x64.Build.0 = Debug|x64
		{41D6C703-B53A-4546-9D84-4BE8938734EE}.Debug|x86.ActiveCfg = Debug|Win32
		{41D6C703-B53A-4546-9D84-4BE8938734EE}.Debug|x86.Build.0 = Debug|Win32
		{41D6C703-B53A-4546-9D84-4BE8938734EE}.Release|x64.ActiveCfg = Release|x64
		{41D6C703-B53A-4546-9D84-4BE8938734EE}.Release|x64.Build.0 = Release|x64
		{41D6C703-B53A-4546-9D84-4BE8938734EE}.Release|x86.ActiveCfg = Release|Win32
		{41D6C703-B53A-4546-9D84-4BE8938734EE}.Release|x86.Build.0 = Release|Win32
		{8E16A54D-E253-44B7-9F84-FD7DCA46236B}.Debug|x64.ActiveCfg = Debug|x64
		{8E16A54D-E253-44B7-9F84-FD7DCA46236B}.Debug|x64.Build.0 = Debug|x64
		{8E16A54D-E253-44B7-9F84-FD7DCA46236B}.Debug|x86.ActiveCfg = Debug|Win32
		{8E16A54D-E253-44B7-9F84-FD7DCA46236B}.Debug|x86.Build.0 = Debug|Win32
		{8E16A54D-E253-44B7-9F84-FD7DCA46236B}.Release|x64.ActiveCfg = Release|x64
		{8E16A54D-E253-44B7-9F84-FD7DCA46236B}.Release|x64.Build.0 = Release|x64
		{8E16A54D-E253-44B7-9F84-FD7DCA46236B}.Release|x86.ActiveCfg = Release|Win32
		{8E16A54D-E253-44B7-9F84-FD7DCA46236B}.Release|x86.Build.0 = Release|Win32
		{D15CE622-A234-40F1-A343-CB31FFF40FAF}.Debug|x64.ActiveCfg = Debug|x64
		{D15CE622-A234-40F1-A343-CB31FFF40FAF}.Debug|x64.Build.0 = Debug|x64
		{D15CE622-A234-40F1-A343-CB31FFF40FAF}.Debug|x86.ActiveCfg = Debug|Win32
		{D15CE622-A234-40F1-A343-CB31FFF40FAF}.Debug|x86.Build.0 = Debug|Win32
		{D15CE622-A234-40F1-A343-CB31FFF40FAF}.Release|x64.ActiveCfg = Release|x64
		{D15CE622-A234-40F1-A343-CB31FFF40FAF}.Release|x64.Build.0 = Release|x64
		{D15CE622-A234-40F1-A343-CB31FFF40FAF}.Release|x86.ActiveCfg = Release|Win32
		{D15CE622-A234-40F1-A343-CB31FFF40FAF}.Release|x86.Build.0 = Release|Win32
		{411C274B-AE9A-4F07-9320-F1E8C913BECA}.Debug|x64.ActiveCfg = Debug|x64
		{411C274B-AE9A-4F07-9320-F1E8C913BECA}.Debug|x64.Build.0 = Debug|x64
		{411C274B-AE9A-4F07-9320-F1E8C913BECA}.Debug|x86.ActiveCfg = Debug|Win32
		{411C274B-AE9A-4F07-9320-F1E8C913BECA}.Debug|x86.Build.0 = Debug|Win32
		{411C274B-AE9A-4F07-9320-F1E8C913BECA}.Release|x64.ActiveCfg = Release|x64
		{411C274B-AE9A-4F07-9320-F1E8C913BECA}.Release|x64.Build.0 = Release|x64
		{411C274B-AE9A-4F07-9320-F1E8C913BECA}.Release|x86.ActiveCfg = Release|Win32
		{411C274B-AE9A-4F07-9320-F1E8C913BECA}.Release|x86.Build.0 = Release|Win32
		{41F97EDB-D785-4E7D-A917-41A64D9DF09A}.Debug|x64.ActiveCfg = Debug|x64
		{41F97EDB-D785-4E7D-A917-41A64D9DF09A}.Debug|x64.Build.0 = Debug|x64
		{41F97EDB-D785-4E7D-A917-41A64D9DF09A}.Debug|x86.ActiveCfg = Debug|Win32
		{41F97EDB-D785-4E7D-A917-41A64D9DF09A}.Debug|x86.Build.0 = Debug|Win32
		{41F97EDB-D785-4E7D-A917-41A64D9DF09A}.Release|x64.ActiveCfg = Release|x64
		{41F97EDB-D785-4E7D-A917-41A64D9DF09A}.Release|x64.Build.0 = Release|x64
		{41F97EDB-D785-4E7D-A917-41A64D9DF09A}.Release|x86.ActiveCfg = Release|Win32
		{41F97EDB-D785-4E7D-A917-41A64D9DF09A}.Release|x86.Build.0 = Release|Win32
		{F4B8BE0F-56C7-4345-8977-EA088AEA0ECE}.Debug|x64.ActiveCfg = Debug|x64
		{F4B8BE0F-56C7-4345-8977-EA088AEA0ECE}.Debug|x64.Build.0 = Debug|x64
		{F4B8BE0F-56C7-4345-8977-EA088AEA0ECE}.Debug|x86.ActiveCfg = Debug|Win32
		{F4B8BE0F-56C7-4345-8977-EA088AEA0ECE}.Debug|x86.Build.0 = Debug|Win32
		{F4B8BE0F-56C7-4345-8977-EA088AEA0ECE}.Release|x64.ActiveCfg = Release|x64
		{F4B8BE0F-56C7-4345-8977-EA088AEA0ECE}.Release|x64.Build.0 = Release|x64
		{F4B8BE0F-56C7-4345-8977-EA088AEA0ECE}.Release|x86.ActiveCfg = Release|Win32
		{F4B8BE0F-56C7-4345-8977-EA088AEA0ECE}.Release|x86.Build.0 = Release|Win32
		{DB0AE127-9A29-49C8-A86E-4D7E8BE95A70}.Debug|x64.ActiveCfg = Debug|x64
		{DB0AE127-9A29-49C8-A86E-4D7E8BE95A70}.Debug|x64.Build.0 = Debug|x64
		{DB0AE127-9A29-49C8-A86E-4D7E8BE95A70}.Debug|x86.ActiveCfg = Debug|Win32
		{DB0AE127-9A29-49C8-A86E-4D7E8BE95A70}.Debug|x86.Build.0 = Debug|Win32
		{DB0AE127-9A29-49C8-A86E-4D7E8BE95A70}.Release|x64.ActiveCfg = Release|x64
		{DB0AE127-9A29-49C8-A86E-4D7E8BE95A70}.Release|x64.Build.0 = Release|x64
		{DB0AE127-9A29-49C8-A86E-4D7E8BE95A70}.Release|x86.ActiveCfg = Release|Win32
		{DB0AE127-9A29-49C8-A86E-4D7E8BE95A70}.Release|x86.Build.0 = Release|Win32
		{0AD3C343-59FC-4978-96A6-B4A4D1D3C9AC}.Debug|x64.ActiveCfg = Debug|x64
		{0AD3C343-59FC-4978-96A6-B4A4D1D3C9AC}.Debug|x64.Build.0 = Debug|x64
		{0AD3C343-59FC-4978-96A6-B4A4D1D3C9AC}.Debug|x86.ActiveCfg = Debug|Win32
		{0AD3C343-59FC-4978-96A6-B4A4D1D3C9AC}.Debug|x86.Build.0 = Debug|Win32
		{0AD3C343-59FC-4978-96A6-B4A4D1D3C9AC}.Release|x64.ActiveCfg = Release|x64
		{0AD3C343-59FC-4978-96A6-B4A4D1D3C9AC}.Release|x64.Build.0 = Release|x64
		{0AD3C343-59FC-4978-96A6-B4A4D1D3C9AC}.Release|x86.ActiveCfg = Release|Win32
		{0AD3C343-59FC-4978-96A6-B4A4D1D3C9AC}.Release|x86.Build.0 = Release|Win32
		{5BB2C2B4-744E-4B13-94D7-F6579D999006}.Debug|x64.ActiveCfg = Debug|x64
		{5BB2C2B4-744E-4B13-94D7-F6579D999006}.Debug|x64.Build.0 = Debug|x64
		{5BB2C2B4-744E-4B13-94D7-F6579D999006}.Debug|x86.ActiveCfg = Debug|Win32
		{5BB2C2B4-744E-4B13-94D7-F6579D999006}.Debug|x86.Build.0 = Debug|Win32
		{5BB2C2B4-744E-4B13-94D7-F6579D999006}.Release|x64.ActiveCfg = Release|x64
		{5BB2C2B4-744E-4B13-94D7-F6579D999006}.Release|x64.Build.0 = Release|x64
		{5BB2C2B4-744E-4B13-94D7-F6579D999006}.Release|x86.ActiveCfg = Release|Win32
		{5BB2C2B4-744E-4B13-94D7-F6579D999006}.Release|x86.Build.0 = Release|Win32
		{C913A1CA-207F-4BC3-BCDC-E495C1D9FEE9}.Debug|x64.ActiveCfg = Debug|x64
		{C913A1CA-207F-4BC3-BCDC-E495C1D9FEE9}.Debug|x64.Build.0 = Debug|x64
		{C913A1CA-207F-4BC3-BCDC-E495C1D9FEE9}.Debug|x86.ActiveCfg = Debug|Win32
		{C913A1CA-207F-4BC3-BCDC-E495C1D9FEE9}.Debug|x86.Build.0 = Debug|Win32
		{C913A1CA-207F-4BC3-BCDC-E495C1D9FEE9}.Release|x64.ActiveCfg = Release|x64
		{C913A1CA-207F-4BC3-BCDC-E495C1D9FEE9}.Release|x64.Build.0 = Release|x64
		{C913A1CA-207F-4BC3-BCDC-E495C1D9FEE9}.Release|x86.ActiveCfg = Release|Win32
		{C913A1CA-207F-4BC3-BCDC-E495C1D9FEE9}.Release|x86.Build.0 = Release|Win32
		{F82D16BB-CB47-4153-83C5-FD63A971E430}.Debug|x64.ActiveCfg = Debug|x64
		{F82D16BB-CB47-4153-83C5-FD63A971E430}.Debug|x64.Build.0 = Debug|x64
		{F82D16BB-CB47-4153-83C5-FD63A971E430}.Debug|x86.ActiveCfg = Debug|Win32
		{F82D16BB-CB47-4153-83C5-FD63A971E430}.Debug|x86.Build.0 = Debug|Win32
		{F82D16BB-CB47-4153-83C5-FD63A971E430}.Release|x64.ActiveCfg = Release|x64
		{F82D16BB-CB47-4153-83C5-FD63A971E430}.Release|x64.Build.0 = Release|x64
		{F82D16BB-CB47-4153-83C5-FD63A971E430}.Release|x86.ActiveCfg = Release|Win32
		{F82D16BB-CB47-4153-83C5-FD63A971E430}.Release|x86.Build.0 = Release|Win32
		{518B1D9A-0B51-4260-B63C-03E9C14627D2}.Debug|x64.ActiveCfg = Debug|x64
		{518B1D9A-0B51-4260-B63C-03E9C14627D2}.Debug|x64.Build.0 = Debug|x64
		{518B1D9A-0B51-4260-B63C-03E9C14627D2}.Debug|x86.ActiveCfg = Debug|Win32
		{518B1D9A-0B51-4260-B63C-03E9C14627D2}.Debug|x86.Build.0 = Debug|Win32
		{518B1D9A-0B51-4260-B63C-03E9C14627D2}.Release|x64.ActiveCfg = Release|x64
		{518B1D9A-0B51-4260-B63C-03E9C14627D2}.Release|x64.Build.0 = Release|x64
		{518B1D9A-0B51-4260-B63C-03E9C14627D2}.Release|x86.ActiveCfg = Release|Win32
		{518B1D9A-0B51-4260-B63C-03E9C14627D2}.Release|x86.Build.0 = Release|Win32
		{A059D9F2-69C6-4233-ACFF-7382911EB416}.Debug|x64.ActiveCfg = Debug|x64
		{A059D9F2-69C6-4233-ACFF-7382911EB416}.Debug|x64.Build.0 = Debug|x64
		{A059D9F2-69C6-4233-ACFF-7382911EB416}.Debug|x86.ActiveCfg = Debug|Win32
		{A059D9F2-69C6-4233-ACFF-7382911EB416}.Debug|x86.Build.0 = Debug|Win32
		{A059D9F2-69C6-4233-ACFF-7382911EB416}.Release|x64.ActiveCfg = Release|x64
		{A059D9F2-69C6-4233-ACFF-7382911EB416}.Release|x64.Build.0 = Release|x64
		{A059D9F2-69C6-4233-ACFF-7382911EB416}.Release|x86.ActiveCfg = Release|Win32
		{A059D9F2-69C6-4233-ACFF-7382911EB416}.Release|x86.Build.0 = Release|Win32
		{176BD1B1-05B5-4880-8992-0DAAF9C5F399}.Debug|x64.ActiveCfg = Debug|x64
		{176BD1B1-05B5-4880-8992-0DAAF9C5F399}.Debug|x64.Build.0 = Debug|x64
		{176BD1B1-05B5-4880-8992-0DAAF9C5F399}.Debug|x86.ActiveCfg = Debug|Win32
		{176BD1B1-05B5-4880-8992-0DAAF9C5F399}.Debug|x86.Build.0 = Debug|Win32
		{176BD1B1-05B5-4880-8992-0DAAF9C5F399}.Release|x64.ActiveCfg = Release|x64
		{176BD1B1-05B5-4880-8992-0DAAF9C5F399}.Release|x64.Build.0 = Release|x64
		{176BD1B1-05B5-4880-8992-0DAAF9C5F399}.Release|x86.ActiveCfg = Release|Win32
		{176BD1B1-05B5-4880-8992-0DAAF9C5F399}.Release|x86.Build.0 = Release|Win32
		{A3225438-8A67-4802-BF8C-13075979DC80}.Debug|x64.ActiveCfg = Debug|x64
		{A3225438-8A67-4802-BF8C-13075979DC80}.Debug|x64.Build.0 = Debug|x64
		{A3225438-8A67-4802-BF8C-13075979DC80}.Debug|x86.ActiveCfg = Debug|Win32
		{A3225438-8A67-4802-BF8C-13075979DC80}.Debug|x86.Build.0 = Debug|Win32
		{A3225438-8A67-4802-BF8C-13075979DC80}.Release|x64.ActiveCfg = Release|x64
		{A3225438-8A67-4802-BF8C-13075979DC80}.Release|x64.Build.0 = Release|x64
		{A3225438-8A67-4802-BF8C-13075979DC80}.Release|x86.ActiveCfg = Release|Win32
		{A3225438-8A67-4802-BF8C-13075979DC80}.Release|x86.Build.0 = Release|Win32
		{A30C9342-3506-4CE7-AACA-DC03949209C3}.Debug|x64.ActiveCfg = Debug|x64
		{A30C9342-3506-4CE7-AACA-DC03949209C3}.Debug|x64.Build.0 = Debug|x64
		{A30C9342-3506-4CE7-AACA-DC03949209C3}.Debug|x86.ActiveCfg = Debug|Win32
		{A30C9342-3506-4CE7-AACA-DC03949209C3}.Debug|x86.Build.0 = Debug|Win32
		{A30C9342-3506-4CE7-AACA-DC03949209C3}.Release|x64.ActiveCfg = Release|x64
		{A30C9342-3506-4CE7-AACA-DC03949209C3}.Release|x64.Build.0 = Release|x64
		{A30C9342-3506-4CE7-AACA-DC03949209C3}.Release|x86.ActiveCfg = Release|Win32
		{A30C9342-3506-4CE7-AACA-DC03949209C3}.Release|x86.Build.0 = Release|Win32
		{57BD0B10-2807-4068-9538-948C954D829C}.Debug|x64.ActiveCfg = Debug|x64
		{57BD0B10-2807-4068-9538-948C954D829C}.Debug|x64.Build.0 = Debug|x64
		{57BD0B10-2807-4068-9538-948C954D829C}.Debug|x86.ActiveCfg = Debug|Win32
		{57BD0B10-2807-4068-9538-948C954D829C}.Debug|x86.Build.0 = Debug|Win32
		{57BD0B10-2807-4068-9538-948C954D829C}.Release|x64.ActiveCfg = Release|x64
		{57BD0B10-2807-4068-9538-948C954D829C}.Release|x64.Build.0 = Release|x64
		{57BD0B10-2807-4068-9538-948C954D829C}.Release|x86.ActiveCfg = Release|Win32
		{57BD0B10-2807-4068-9538-948C954D829C}.Release|x86.Build.0 = Release|Win32
		{55FDD5E1-0380-4407-A030-3F3F95C79ABD}.Debug|x64.ActiveCfg = Debug|x64
		{55FDD5E1-0380-4407-A030-3F3F95C79ABD}.Debug|x64.Build.0 = Debug|x64
		{55FDD5E1-0380-4407-A030-3F3F95C79ABD}.Debug|x86.ActiveCfg = Debug|Win32
		{55FDD5E1-0380-4407-A030-3F3F95C79ABD}.Debug|x86.Build.0 = Debug|Win32
		{55FDD5E1-0380-4407-A030-3F3F95C79ABD}.Release|x64.ActiveCfg = Release|x64
		{55FDD5E1-0380-4407-A030-3F3F95C79ABD}.Release|x64.Build.0 = Release|x64
		{55FDD5E1-0380-4407-A030-3F3F95C79ABD}.Release|x86.ActiveCfg = Release|Win32
		{55FDD5E1-0380-4407-A030-3F3F95C79ABD}.Release|x86.Build.0 = Release|Win32
		{46F55F05-9A4D-4A46-A11D-EEA4F818B4E4}.Debug|x64.ActiveCfg = Debug|x64
		{46F55F05-9A4D-4A46-A11D-EEA4F818B4E4}.Debug|x64.Build.0 = Debug|x64
		{46F55F05-9A4D-4A46-A11D-EEA4F818B4E4}.Debug|x86.ActiveCfg = Debug|Win32
		{46F55F05-9A4D-4A46-A11D-EEA4F818B4E4}.Debug|x86.Build.0 = Debug|Win32
		{46F55F05-9A4D-4A46-A11D-EEA4F818B4E4}.Release|x64.ActiveCfg = Release|x64
		{46F55F05-9A4D-4A46-A11D-EEA4F818B4E4}.Release|x64.Build.0 = Release|x64
		{46F55F05-9A4D-4A46-A11D-EEA4F818B4E4}.Release|x86.ActiveCfg = Release|Win32
		{46F55F05-9A4D-4A46-A11D-EEA4F818B4E4}.Release|x86.Build.0 = Release|Win32
		{2646E124-CC3A-4535-974D-697D999F6255}.Debug|x64.ActiveCfg = Debug|x64
		{2646E124-CC3A-4535-974D-697D999F6255}.Debug|x64.Build.0 = Debug|x64
		{2646E124-CC3A-4535-974D-697D999F6255}.Debug|x86.ActiveCfg = Debug|Win32
		{2646E124-CC3A-4535-974D-697D999F6255}.Debug|x86.Build.0 = Debug|Win32
		{2646E124-CC3A-4535-974D-697D999F6255}.Release|x64.ActiveCfg = Release|x64
		{2646E124-CC3A-4535-974D-697D999F6255}.Release|x64.Build.0 = Release|x64
		{2646E124-CC3A-4535-974D-697D999F6255}.Release|x86.ActiveCfg = Release|Win32
		{2646E124-CC3A-4535-974D-697D999F6255}.Release|x86.Build.0 = Release|Win32
		{3936B0E9-80C2-4EF8-9F2F-3670B83B0192}.Debug|x64.ActiveCfg = Debug|x64
		{3936B0E9-80C2-4EF8-9F2F-3670B83B0192}.Debug|x64.Build.0 = Debug|x64
		{3936B0E9-80C2-4EF8-9F2F-3670B83B0192}.Debug|x86.ActiveCfg = Debug|Win32
		{3936B0E9-80C2-4EF8-9F2F-3670B83B0192}.Debug|x86.Build.0 = Debug|Win32
		{3936B0E9-80C2-4EF8-9F2F-3670B83B0192}.Release|x64.ActiveCfg = Release|x64
		{3936B0E9-80C2-4EF8-9F2F-3670B83B0192}.Release|x64.Build.0 = Release|x64
		{3936B0E9-80C2-4EF8-9F2F-3670B83B0192}.Release|x86.ActiveCfg = Release|Win32
		{3936B0E9-80C2-4EF8-9F2F-3670B83B0192}.Release|x86.Build.0 = Release|Win32
		{BBDC7E6D-06C0-48C3-8553-01E109C8E121}.Debug|x64.ActiveCfg = Debug|x64
		{BBDC7E6D-06C0-48C3-8553-01E109C8E121}.Debug|x64.Build.0 = Debug|x64
		{BBDC7E6D-06C0-48C3-8553-01E109C8E121}.Debug|x86.ActiveCfg = Debug|Win32
		{BBDC7E6D-06C0-48C3-8553-01E109C8E121}.Debug|x86.Build.0 = Debug|Win32
		{BBDC7E6D-06C0-48C3-8553-01E109C8E121}.Release|x64.ActiveCfg = Release|x64
		{BBDC7E6D-06C0-48C3-8553-01E109C8E121}.Release|x64.Build.0 = Release|x64
		{BBDC7E6D-06C0-48C3-8553-01E109C8E121}.Release|x86.ActiveCfg = Release|Win32
		{BBDC7E6D-06C0-48C3-8553-01E109C8E121}.Release|x86.Build.0 = Release|Win32
	EndGlobalSection
	GlobalSection(SolutionProperties) = preSolution
		HideSolutionNode = FALSE
	EndGlobalSection
	GlobalSection(ExtensibilityGlobals) = postSolution
		SolutionGuid = {B44C08DC-89B1-4004-AC73-16DA1308780D}
	EndGlobalSection
EndGlobal
